
Microsoft Visual Studio Solution File, Format Version 12.00
# Visual Studio Version 17
VisualStudioVersion = 17.7.34202.233
MinimumVisualStudioVersion = 10.0.40219.1
Project("{9A19103F-16F7-4668-BE54-9A1E7A4F7556}") = "SelfExamples", "SelfExamples\SelfExamples.csproj", "{23BA0D92-99B5-4196-8FEF-88320E19EAB8}"
EndProject
Project("{9A19103F-16F7-4668-BE54-9A1E7A4F7556}") = "SELNUnitExamples", "SELNUnitExamples\SELNUnitExamples.csproj", "{424AADAD-B076-4824-9861-0742CF97C5A5}"
EndProject
Project("{9A19103F-16F7-4668-BE54-9A1E7A4F7556}") = "Assignment", "Assignment\Assignment.csproj", "{CA571264-E4E7-48F5-8CFB-7F7155E383FD}"
EndProject
Project("{9A19103F-16F7-4668-BE54-9A1E7A4F7556}") = "AssiNuint", "AssiNuint\AssiNuint.csproj", "{F2FF53D3-A06B-453A-8A5A-7ADD291F450E}"
EndProject
Project("{9A19103F-16F7-4668-BE54-9A1E7A4F7556}") = "workout", "workout\workout.csproj", "{0C8E60B6-0FB9-4B5C-85F6-C38129C4D41B}"
EndProject
Project("{9A19103F-16F7-4668-BE54-9A1E7A4F7556}") = "Rediff", "Rediff\Rediff.csproj", "{595F0CBB-0220-4514-9363-DCC3F7E1015F}"
EndProject
Project("{9A19103F-16F7-4668-BE54-9A1E7A4F7556}") = "BunnyCart", "BunnyCart\BunnyCart.csproj", "{1D22ABAD-DF81-4424-8BB3-6164F97A1EE5}"
EndProject
Project("{FAE04EC0-301F-11D3-BF4B-00C04F79EFBC}") = "NaptolASSIGNMENT", "NaptolASSIGNMENT\NaptolASSIGNMENT.csproj", "{61AC35F2-D329-478A-BEDA-123F2567DBCC}"
EndProject
Global
	GlobalSection(SolutionConfigurationPlatforms) = preSolution
		Debug|Any CPU = Debug|Any CPU
		Release|Any CPU = Release|Any CPU
	EndGlobalSection
	GlobalSection(ProjectConfigurationPlatforms) = postSolution
		{23BA0D92-99B5-4196-8FEF-88320E19EAB8}.Debug|Any CPU.ActiveCfg = Debug|Any CPU
		{23BA0D92-99B5-4196-8FEF-88320E19EAB8}.Debug|Any CPU.Build.0 = Debug|Any CPU
		{23BA0D92-99B5-4196-8FEF-88320E19EAB8}.Release|Any CPU.ActiveCfg = Release|Any CPU
		{23BA0D92-99B5-4196-8FEF-88320E19EAB8}.Release|Any CPU.Build.0 = Release|Any CPU
		{424AADAD-B076-4824-9861-0742CF97C5A5}.Debug|Any CPU.ActiveCfg = Debug|Any CPU
		{424AADAD-B076-4824-9861-0742CF97C5A5}.Debug|Any CPU.Build.0 = Debug|Any CPU
		{424AADAD-B076-4824-9861-0742CF97C5A5}.Release|Any CPU.ActiveCfg = Release|Any CPU
		{424AADAD-B076-4824-9861-0742CF97C5A5}.Release|Any CPU.Build.0 = Release|Any CPU
		{CA571264-E4E7-48F5-8CFB-7F7155E383FD}.Debug|Any CPU.ActiveCfg = Debug|Any CPU
		{CA571264-E4E7-48F5-8CFB-7F7155E383FD}.Debug|Any CPU.Build.0 = Debug|Any CPU
		{CA571264-E4E7-48F5-8CFB-7F7155E383FD}.Release|Any CPU.ActiveCfg = Release|Any CPU
		{CA571264-E4E7-48F5-8CFB-7F7155E383FD}.Release|Any CPU.Build.0 = Release|Any CPU
		{F2FF53D3-A06B-453A-8A5A-7ADD291F450E}.Debug|Any CPU.ActiveCfg = Debug|Any CPU
		{F2FF53D3-A06B-453A-8A5A-7ADD291F450E}.Debug|Any CPU.Build.0 = Debug|Any CPU
		{F2FF53D3-A06B-453A-8A5A-7ADD291F450E}.Release|Any CPU.ActiveCfg = Release|Any CPU
		{F2FF53D3-A06B-453A-8A5A-7ADD291F450E}.Release|Any CPU.Build.0 = Release|Any CPU
		{0C8E60B6-0FB9-4B5C-85F6-C38129C4D41B}.Debug|Any CPU.ActiveCfg = Debug|Any CPU
		{0C8E60B6-0FB9-4B5C-85F6-C38129C4D41B}.Debug|Any CPU.Build.0 = Debug|Any CPU
		{0C8E60B6-0FB9-4B5C-85F6-C38129C4D41B}.Release|Any CPU.ActiveCfg = Release|Any CPU
		{0C8E60B6-0FB9-4B5C-85F6-C38129C4D41B}.Release|Any CPU.Build.0 = Release|Any CPU
		{595F0CBB-0220-4514-9363-DCC3F7E1015F}.Debug|Any CPU.ActiveCfg = Debug|Any CPU
		{595F0CBB-0220-4514-9363-DCC3F7E1015F}.Debug|Any CPU.Build.0 = Debug|Any CPU
		{595F0CBB-0220-4514-9363-DCC3F7E1015F}.Release|Any CPU.ActiveCfg = Release|Any CPU
		{595F0CBB-0220-4514-9363-DCC3F7E1015F}.Release|Any CPU.Build.0 = Release|Any CPU
		{1D22ABAD-DF81-4424-8BB3-6164F97A1EE5}.Debug|Any CPU.ActiveCfg = Debug|Any CPU
		{1D22ABAD-DF81-4424-8BB3-6164F97A1EE5}.Debug|Any CPU.Build.0 = Debug|Any CPU
		{1D22ABAD-DF81-4424-8BB3-6164F97A1EE5}.Release|Any CPU.ActiveCfg = Release|Any CPU
		{1D22ABAD-DF81-4424-8BB3-6164F97A1EE5}.Release|Any CPU.Build.0 = Release|Any CPU
		{61AC35F2-D329-478A-BEDA-123F2567DBCC}.Debug|Any CPU.ActiveCfg = Debug|Any CPU
		{61AC35F2-D329-478A-BEDA-123F2567DBCC}.Debug|Any CPU.Build.0 = Debug|Any CPU
		{61AC35F2-D329-478A-BEDA-123F2567DBCC}.Release|Any CPU.ActiveCfg = Release|Any CPU
		{61AC35F2-D329-478A-BEDA-123F2567DBCC}.Release|Any CPU.Build.0 = Release|Any CPU
	EndGlobalSection
	GlobalSection(SolutionProperties) = preSolution
		HideSolutionNode = FALSE
	EndGlobalSection
	GlobalSection(ExtensibilityGlobals) = postSolution
		SolutionGuid = {D6632AA5-F8D8-419F-8141-C9F060AF9B22}
	EndGlobalSection
EndGlobal
